
Microsoft Visual Studio Solution File, Format Version 12.00
# Visual Studio 2012
Project("{FAE04EC0-301F-11D3-BF4B-00C04F79EFBC}") = "GeocodeSharp", "GeocodeSharp\GeocodeSharp.csproj", "{B16BCFA3-57CF-407A-ABD3-E46756673F67}"
EndProject
Project("{FAE04EC0-301F-11D3-BF4B-00C04F79EFBC}") = "GeocodeSharp.Tests", "GeocodeSharp.Tests\GeocodeSharp.Tests.csproj", "{E1924EF3-FAAE-44FD-98E3-F32EB42422D7}"
EndProject
Global
	GlobalSection(SolutionConfigurationPlatforms) = preSolution
		Debug|Any CPU = Debug|Any CPU
		Release|Any CPU = Release|Any CPU
	EndGlobalSection
	GlobalSection(ProjectConfigurationPlatforms) = postSolution
		{B16BCFA3-57CF-407A-ABD3-E46756673F67}.Debug|Any CPU.ActiveCfg = Debug|Any CPU
		{B16BCFA3-57CF-407A-ABD3-E46756673F67}.Debug|Any CPU.Build.0 = Debug|Any CPU
		{B16BCFA3-57CF-407A-ABD3-E46756673F67}.Release|Any CPU.ActiveCfg = Release|Any CPU
		{B16BCFA3-57CF-407A-ABD3-E46756673F67}.Release|Any CPU.Build.0 = Release|Any CPU
		{E1924EF3-FAAE-44FD-98E3-F32EB42422D7}.Debug|Any CPU.ActiveCfg = Debug|Any CPU
		{E1924EF3-FAAE-44FD-98E3-F32EB42422D7}.Debug|Any CPU.Build.0 = Debug|Any CPU
		{E1924EF3-FAAE-44FD-98E3-F32EB42422D7}.Release|Any CPU.ActiveCfg = Release|Any CPU
		{E1924EF3-FAAE-44FD-98E3-F32EB42422D7}.Release|Any CPU.Build.0 = Release|Any CPU
	EndGlobalSection
	GlobalSection(SolutionProperties) = preSolution
		HideSolutionNode = FALSE
	EndGlobalSection
EndGlobal
