
Microsoft Visual Studio Solution File, Format Version 12.00
# Visual Studio Version 17
VisualStudioVersion = 17.3.32929.385
MinimumVisualStudioVersion = 10.0.40219.1
Project("{9A19103F-16F7-4668-BE54-9A1E7A4F7556}") = "GeocodeSharp", "GeocodeSharp\GeocodeSharp.csproj", "{E79FCDA2-EA8E-449A-8153-00ECF21BF9BF}"
EndProject
Project("{9A19103F-16F7-4668-BE54-9A1E7A4F7556}") = "GeocodeSharp.Tests", "GeocodeSharp.Tests\GeocodeSharp.Tests.csproj", "{7542E3E1-0E03-420D-B9D3-6747428C7A03}"
EndProject
Global
	GlobalSection(SolutionConfigurationPlatforms) = preSolution
		Debug|Any CPU = Debug|Any CPU
		Release|Any CPU = Release|Any CPU
	EndGlobalSection
	GlobalSection(ProjectConfigurationPlatforms) = postSolution
		{E79FCDA2-EA8E-449A-8153-00ECF21BF9BF}.Debug|Any CPU.ActiveCfg = Debug|Any CPU
		{E79FCDA2-EA8E-449A-8153-00ECF21BF9BF}.Debug|Any CPU.Build.0 = Debug|Any CPU
		{E79FCDA2-EA8E-449A-8153-00ECF21BF9BF}.Release|Any CPU.ActiveCfg = Release|Any CPU
		{E79FCDA2-EA8E-449A-8153-00ECF21BF9BF}.Release|Any CPU.Build.0 = Release|Any CPU
		{7542E3E1-0E03-420D-B9D3-6747428C7A03}.Debug|Any CPU.ActiveCfg = Debug|Any CPU
		{7542E3E1-0E03-420D-B9D3-6747428C7A03}.Debug|Any CPU.Build.0 = Debug|Any CPU
		{7542E3E1-0E03-420D-B9D3-6747428C7A03}.Release|Any CPU.ActiveCfg = Release|Any CPU
		{7542E3E1-0E03-420D-B9D3-6747428C7A03}.Release|Any CPU.Build.0 = Release|Any CPU
	EndGlobalSection
	GlobalSection(SolutionProperties) = preSolution
		HideSolutionNode = FALSE
	EndGlobalSection
	GlobalSection(ExtensibilityGlobals) = postSolution
		SolutionGuid = {E06BABA4-F7CB-4201-9522-77673AD62123}
	EndGlobalSection
EndGlobal
